
Microsoft Visual Studio Solution File, Format Version 12.00
# Visual Studio 15
VisualStudioVersion = 15.0.28307.168
MinimumVisualStudioVersion = 10.0.40219.1
Project("{9A19103F-16F7-4668-BE54-9A1E7A4F7556}") = "Dollop", "Dollop.csproj", "{8231E8E1-20E5-451F-9F9D-FFBBF82963A4}"
EndProject
Global
	GlobalSection(SolutionConfigurationPlatforms) = preSolution
		Debug|Any CPU = Debug|Any CPU
		Release|Any CPU = Release|Any CPU
	EndGlobalSection
	GlobalSection(ProjectConfigurationPlatforms) = postSolution
		{8231E8E1-20E5-451F-9F9D-FFBBF82963A4}.Debug|Any CPU.ActiveCfg = Debug|Any CPU
		{8231E8E1-20E5-451F-9F9D-FFBBF82963A4}.Debug|Any CPU.Build.0 = Debug|Any CPU
		{8231E8E1-20E5-451F-9F9D-FFBBF82963A4}.Release|Any CPU.ActiveCfg = Release|Any CPU
		{8231E8E1-20E5-451F-9F9D-FFBBF82963A4}.Release|Any CPU.Build.0 = Release|Any CPU
	EndGlobalSection
	GlobalSection(SolutionProperties) = preSolution
		HideSolutionNode = FALSE
	EndGlobalSection
	GlobalSection(ExtensibilityGlobals) = postSolution
		SolutionGuid = {CB2C0108-4275-42B2-AA13-88C3681C5DFA}
	EndGlobalSection
EndGlobal
